// !$*UTF8*$!
{
	archiveVersion = 1;
	classes = {
	};
	objectVersion = 46;
	objects = {

/* Begin PBXBuildFile section */
		1C4A599A1C97F27400A94190 /* main.m in Sources */ = {isa = PBXBuildFile; fileRef = 1C4A59991C97F27400A94190 /* main.m */; };
		1C4A599D1C97F27400A94190 /* AppDelegate.m in Sources */ = {isa = PBXBuildFile; fileRef = 1C4A599C1C97F27400A94190 /* AppDelegate.m */; };
		1C4A59A01C97F27400A94190 /* ViewController.m in Sources */ = {isa = PBXBuildFile; fileRef = 1C4A599F1C97F27400A94190 /* ViewController.m */; };
		1C4A59A31C97F27400A94190 /* Main.storyboard in Resources */ = {isa = PBXBuildFile; fileRef = 1C4A59A11C97F27400A94190 /* Main.storyboard */; };
		1C4A59A51C97F27400A94190 /* Assets.xcassets in Resources */ = {isa = PBXBuildFile; fileRef = 1C4A59A41C97F27400A94190 /* Assets.xcassets */; };
		1C4A59A81C97F27400A94190 /* LaunchScreen.storyboard in Resources */ = {isa = PBXBuildFile; fileRef = 1C4A59A61C97F27400A94190 /* LaunchScreen.storyboard */; };
		1C4A59B31C97F27400A94190 /* _3_15_demo2Tests.m in Sources */ = {isa = PBXBuildFile; fileRef = 1C4A59B21C97F27400A94190 /* _3_15_demo2Tests.m */; };
		1C4A59BE1C97F27400A94190 /* _3_15_demo2UITests.m in Sources */ = {isa = PBXBuildFile; fileRef = 1C4A59BD1C97F27400A94190 /* _3_15_demo2UITests.m */; };
		1C4A59CD1C97F41300A94190 /* myViewController.m in Sources */ = {isa = PBXBuildFile; fileRef = 1C4A59CC1C97F41300A94190 /* myViewController.m */; };
/* End PBXBuildFile section */

/* Begin PBXContainerItemProxy section */
		1C4A59AF1C97F27400A94190 /* PBXContainerItemProxy */ = {
			isa = PBXContainerItemProxy;
			containerPortal = 1C4A598D1C97F27400A94190 /* Project object */;
			proxyType = 1;
			remoteGlobalIDString = 1C4A59941C97F27400A94190;
			remoteInfo = 03_15_demo2;
		};
		1C4A59BA1C97F27400A94190 /* PBXContainerItemProxy */ = {
			isa = PBXContainerItemProxy;
			containerPortal = 1C4A598D1C97F27400A94190 /* Project object */;
			proxyType = 1;
			remoteGlobalIDString = 1C4A59941C97F27400A94190;
			remoteInfo = 03_15_demo2;
		};
/* End PBXContainerItemProxy section */

/* Begin PBXFileReference section */
		1C4A59951C97F27400A94190 /* 03_15_demo2.app */ = {isa = PBXFileReference; explicitFileType = wrapper.application; includeInIndex = 0; path = 03_15_demo2.app; sourceTree = BUILT_PRODUCTS_DIR; };
		1C4A59991C97F27400A94190 /* main.m */ = {isa = PBXFileReference; lastKnownFileType = sourcecode.c.objc; path = main.m; sourceTree = "<group>"; };
		1C4A599B1C97F27400A94190 /* AppDelegate.h */ = {isa = PBXFileReference; lastKnownFileType = sourcecode.c.h; path = AppDelegate.h; sourceTree = "<group>"; };
		1C4A599C1C97F27400A94190 /* AppDelegate.m */ = {isa = PBXFileReference; lastKnownFileType = sourcecode.c.objc; path = AppDelegate.m; sourceTree = "<group>"; };
		1C4A599E1C97F27400A94190 /* ViewController.h */ = {isa = PBXFileReference; lastKnownFileType = sourcecode.c.h; path = ViewController.h; sourceTree = "<group>"; };
		1C4A599F1C97F27400A94190 /* ViewController.m */ = {isa = PBXFileReference; lastKnownFileType = sourcecode.c.objc; path = ViewController.m; sourceTree = "<group>"; };
		1C4A59A21C97F27400A94190 /* Base */ = {isa = PBXFileReference; lastKnownFileType = file.storyboard; name = Base; path = Base.lproj/Main.storyboard; sourceTree = "<group>"; };
		1C4A59A41C97F27400A94190 /* Assets.xcassets */ = {isa = PBXFileReference; lastKnownFileType = folder.assetcatalog; path = Assets.xcassets; sourceTree = "<group>"; };
		1C4A59A71C97F27400A94190 /* Base */ = {isa = PBXFileReference; lastKnownFileType = file.storyboard; name = Base; path = Base.lproj/LaunchScreen.storyboard; sourceTree = "<group>"; };
		1C4A59A91C97F27400A94190 /* Info.plist */ = {isa = PBXFileReference; lastKnownFileType = text.plist.xml; path = Info.plist; sourceTree = "<group>"; };
		1C4A59AE1C97F27400A94190 /* 03_15_demo2Tests.xctest */ = {isa = PBXFileReference; explicitFileType = wrapper.cfbundle; includeInIndex = 0; path = 03_15_demo2Tests.xctest; sourceTree = BUILT_PRODUCTS_DIR; };
		1C4A59B21C97F27400A94190 /* _3_15_demo2Tests.m */ = {isa = PBXFileReference; lastKnownFileType = sourcecode.c.objc; path = _3_15_demo2Tests.m; sourceTree = "<group>"; };
		1C4A59B41C97F27400A94190 /* Info.plist */ = {isa = PBXFileReference; lastKnownFileType = text.plist.xml; path = Info.plist; sourceTree = "<group>"; };
		1C4A59B91C97F27400A94190 /* 03_15_demo2UITests.xctest */ = {isa = PBXFileReference; explicitFileType = wrapper.cfbundle; includeInIndex = 0; path = 03_15_demo2UITests.xctest; sourceTree = BUILT_PRODUCTS_DIR; };
		1C4A59BD1C97F27400A94190 /* _3_15_demo2UITests.m */ = {isa = PBXFileReference; lastKnownFileType = sourcecode.c.objc; path = _3_15_demo2UITests.m; sourceTree = "<group>"; };
		1C4A59BF1C97F27400A94190 /* Info.plist */ = {isa = PBXFileReference; lastKnownFileType = text.plist.xml; path = Info.plist; sourceTree = "<group>"; };
		1C4A59CB1C97F41300A94190 /* myViewController.h */ = {isa = PBXFileReference; fileEncoding = 4; lastKnownFileType = sourcecode.c.h; path = myViewController.h; sourceTree = "<group>"; };
		1C4A59CC1C97F41300A94190 /* myViewController.m */ = {isa = PBXFileReference; fileEncoding = 4; lastKnownFileType = sourcecode.c.objc; path = myViewController.m; sourceTree = "<group>"; };
/* End PBXFileReference section */

/* Begin PBXFrameworksBuildPhase section */
		1C4A59921C97F27400A94190 /* Frameworks */ = {
			isa = PBXFrameworksBuildPhase;
			buildActionMask = 2147483647;
			files = (
			);
			runOnlyForDeploymentPostprocessing = 0;
		};
		1C4A59AB1C97F27400A94190 /* Frameworks */ = {
			isa = PBXFrameworksBuildPhase;
			buildActionMask = 2147483647;
			files = (
			);
			runOnlyForDeploymentPostprocessing = 0;
		};
		1C4A59B61C97F27400A94190 /* Frameworks */ = {
			isa = PBXFrameworksBuildPhase;
			buildActionMask = 2147483647;
			files = (
			);
			runOnlyForDeploymentPostprocessing = 0;
		};
/* End PBXFrameworksBuildPhase section */

/* Begin PBXGroup section */
		1C4A598C1C97F27400A94190 = {
			isa = PBXGroup;
			children = (
				1C4A59971C97F27400A94190 /* 03_15_demo2 */,
				1C4A59B11C97F27400A94190 /* 03_15_demo2Tests */,
				1C4A59BC1C97F27400A94190 /* 03_15_demo2UITests */,
				1C4A59961C97F27400A94190 /* Products */,
			);
			sourceTree = "<group>";
		};
		1C4A59961C97F27400A94190 /* Products */ = {
			isa = PBXGroup;
			children = (
				1C4A59951C97F27400A94190 /* 03_15_demo2.app */,
				1C4A59AE1C97F27400A94190 /* 03_15_demo2Tests.xctest */,
				1C4A59B91C97F27400A94190 /* 03_15_demo2UITests.xctest */,
			);
			name = Products;
			sourceTree = "<group>";
		};
		1C4A59971C97F27400A94190 /* 03_15_demo2 */ = {
			isa = PBXGroup;
			children = (
				1C4A599B1C97F27400A94190 /* AppDelegate.h */,
				1C4A599C1C97F27400A94190 /* AppDelegate.m */,
				1C4A599E1C97F27400A94190 /* ViewController.h */,
				1C4A599F1C97F27400A94190 /* ViewController.m */,
				1C4A59CB1C97F41300A94190 /* myViewController.h */,
				1C4A59CC1C97F41300A94190 /* myViewController.m */,
				1C4A59A11C97F27400A94190 /* Main.storyboard */,
				1C4A59A41C97F27400A94190 /* Assets.xcassets */,
				1C4A59A61C97F27400A94190 /* LaunchScreen.storyboard */,
				1C4A59A91C97F27400A94190 /* Info.plist */,
				1C4A59981C97F27400A94190 /* Supporting Files */,
			);
			path = 03_15_demo2;
			sourceTree = "<group>";
		};
		1C4A59981C97F27400A94190 /* Supporting Files */ = {
			isa = PBXGroup;
			children = (
				1C4A59991C97F27400A94190 /* main.m */,
			);
			name = "Supporting Files";
			sourceTree = "<group>";
		};
		1C4A59B11C97F27400A94190 /* 03_15_demo2Tests */ = {
			isa = PBXGroup;
			children = (
				1C4A59B21C97F27400A94190 /* _3_15_demo2Tests.m */,
				1C4A59B41C97F27400A94190 /* Info.plist */,
			);
			path = 03_15_demo2Tests;
			sourceTree = "<group>";
		};
		1C4A59BC1C97F27400A94190 /* 03_15_demo2UITests */ = {
			isa = PBXGroup;
			children = (
				1C4A59BD1C97F27400A94190 /* _3_15_demo2UITests.m */,
				1C4A59BF1C97F27400A94190 /* Info.plist */,
			);
			path = 03_15_demo2UITests;
			sourceTree = "<group>";
		};
/* End PBXGroup section */

/* Begin PBXNativeTarget section */
		1C4A59941C97F27400A94190 /* 03_15_demo2 */ = {
			isa = PBXNativeTarget;
			buildConfigurationList = 1C4A59C21C97F27400A94190 /* Build configuration list for PBXNativeTarget "03_15_demo2" */;
			buildPhases = (
				1C4A59911C97F27400A94190 /* Sources */,
				1C4A59921C97F27400A94190 /* Frameworks */,
				1C4A59931C97F27400A94190 /* Resources */,
			);
			buildRules = (
			);
			dependencies = (
			);
			name = 03_15_demo2;
			productName = 03_15_demo2;
			productReference = 1C4A59951C97F27400A94190 /* 03_15_demo2.app */;
			productType = "com.apple.product-type.application";
		};
		1C4A59AD1C97F27400A94190 /* 03_15_demo2Tests */ = {
			isa = PBXNativeTarget;
			buildConfigurationList = 1C4A59C51C97F27400A94190 /* Build configuration list for PBXNativeTarget "03_15_demo2Tests" */;
			buildPhases = (
				1C4A59AA1C97F27400A94190 /* Sources */,
				1C4A59AB1C97F27400A94190 /* Frameworks */,
				1C4A59AC1C97F27400A94190 /* Resources */,
			);
			buildRules = (
			);
			dependencies = (
				1C4A59B01C97F27400A94190 /* PBXTargetDependency */,
			);
			name = 03_15_demo2Tests;
			productName = 03_15_demo2Tests;
			productReference = 1C4A59AE1C97F27400A94190 /* 03_15_demo2Tests.xctest */;
			productType = "com.apple.product-type.bundle.unit-test";
		};
		1C4A59B81C97F27400A94190 /* 03_15_demo2UITests */ = {
			isa = PBXNativeTarget;
			buildConfigurationList = 1C4A59C81C97F27400A94190 /* Build configuration list for PBXNativeTarget "03_15_demo2UITests" */;
			buildPhases = (
				1C4A59B51C97F27400A94190 /* Sources */,
				1C4A59B61C97F27400A94190 /* Frameworks */,
				1C4A59B71C97F27400A94190 /* Resources */,
			);
			buildRules = (
			);
			dependencies = (
				1C4A59BB1C97F27400A94190 /* PBXTargetDependency */,
			);
			name = 03_15_demo2UITests;
			productName = 03_15_demo2UITests;
			productReference = 1C4A59B91C97F27400A94190 /* 03_15_demo2UITests.xctest */;
			productType = "com.apple.product-type.bundle.ui-testing";
		};
/* End PBXNativeTarget section */

/* Begin PBXProject section */
		1C4A598D1C97F27400A94190 /* Project object */ = {
			isa = PBXProject;
			attributes = {
				LastUpgradeCheck = 0720;
				ORGANIZATIONNAME = "李志鹏";
				TargetAttributes = {
					1C4A59941C97F27400A94190 = {
						CreatedOnToolsVersion = 7.2.1;
					};
					1C4A59AD1C97F27400A94190 = {
						CreatedOnToolsVersion = 7.2.1;
						TestTargetID = 1C4A59941C97F27400A94190;
					};
					1C4A59B81C97F27400A94190 = {
						CreatedOnToolsVersion = 7.2.1;
						TestTargetID = 1C4A59941C97F27400A94190;
					};
				};
			};
			buildConfigurationList = 1C4A59901C97F27400A94190 /* Build configuration list for PBXProject "03_15_demo2" */;
			compatibilityVersion = "Xcode 3.2";
			developmentRegion = English;
			hasScannedForEncodings = 0;
			knownRegions = (
				en,
				Base,
			);
			mainGroup = 1C4A598C1C97F27400A94190;
			productRefGroup = 1C4A59961C97F27400A94190 /* Products */;
			projectDirPath = "";
			projectRoot = "";
			targets = (
				1C4A59941C97F27400A94190 /* 03_15_demo2 */,
				1C4A59AD1C97F27400A94190 /* 03_15_demo2Tests */,
				1C4A59B81C97F27400A94190 /* 03_15_demo2UITests */,
			);
		};
/* End PBXProject section */

/* Begin PBXResourcesBuildPhase section */
		1C4A59931C97F27400A94190 /* Resources */ = {
			isa = PBXResourcesBuildPhase;
			buildActionMask = 2147483647;
			files = (
				1C4A59A81C97F27400A94190 /* LaunchScreen.storyboard in Resources */,
				1C4A59A51C97F27400A94190 /* Assets.xcassets in Resources */,
				1C4A59A31C97F27400A94190 /* Main.storyboard in Resources */,
			);
			runOnlyForDeploymentPostprocessing = 0;
		};
		1C4A59AC1C97F27400A94190 /* Resources */ = {
			isa = PBXResourcesBuildPhase;
			buildActionMask = 2147483647;
			files = (
			);
			runOnlyForDeploymentPostprocessing = 0;
		};
		1C4A59B71C97F27400A94190 /* Resources */ = {
			isa = PBXResourcesBuildPhase;
			buildActionMask = 2147483647;
			files = (
			);
			runOnlyForDeploymentPostprocessing = 0;
		};
/* End PBXResourcesBuildPhase section */

/* Begin PBXSourcesBuildPhase section */
		1C4A59911C97F27400A94190 /* Sources */ = {
			isa = PBXSourcesBuildPhase;
			buildActionMask = 2147483647;
			files = (
				1C4A59A01C97F27400A94190 /* ViewController.m in Sources */,
				1C4A599D1C97F27400A94190 /* AppDelegate.m in Sources */,
				1C4A59CD1C97F41300A94190 /* myViewController.m in Sources */,
				1C4A599A1C97F27400A94190 /* main.m in Sources */,
			);
			runOnlyForDeploymentPostprocessing = 0;
		};
		1C4A59AA1C97F27400A94190 /* Sources */ = {
			isa = PBXSourcesBuildPhase;
			buildActionMask = 2147483647;
			files = (
				1C4A59B31C97F27400A94190 /* _3_15_demo2Tests.m in Sources */,
			);
			runOnlyForDeploymentPostprocessing = 0;
		};
		1C4A59B51C97F27400A94190 /* Sources */ = {
			isa = PBXSourcesBuildPhase;
			buildActionMask = 2147483647;
			files = (
				1C4A59BE1C97F27400A94190 /* _3_15_demo2UITests.m in Sources */,
			);
			runOnlyForDeploymentPostprocessing = 0;
		};
/* End PBXSourcesBuildPhase section */

/* Begin PBXTargetDependency section */
		1C4A59B01C97F27400A94190 /* PBXTargetDependency */ = {
			isa = PBXTargetDependency;
			target = 1C4A59941C97F27400A94190 /* 03_15_demo2 */;
			targetProxy = 1C4A59AF1C97F27400A94190 /* PBXContainerItemProxy */;
		};
		1C4A59BB1C97F27400A94190 /* PBXTargetDependency */ = {
			isa = PBXTargetDependency;
			target = 1C4A59941C97F27400A94190 /* 03_15_demo2 */;
			targetProxy = 1C4A59BA1C97F27400A94190 /* PBXContainerItemProxy */;
		};
/* End PBXTargetDependency section */

/* Begin PBXVariantGroup section */
		1C4A59A11C97F27400A94190 /* Main.storyboard */ = {
			isa = PBXVariantGroup;
			children = (
				1C4A59A21C97F27400A94190 /* Base */,
			);
			name = Main.storyboard;
			sourceTree = "<group>";
		};
		1C4A59A61C97F27400A94190 /* LaunchScreen.storyboard */ = {
			isa = PBXVariantGroup;
			children = (
				1C4A59A71C97F27400A94190 /* Base */,
			);
			name = LaunchScreen.storyboard;
			sourceTree = "<group>";
		};
/* End PBXVariantGroup section */

/* Begin XCBuildConfiguration section */
		1C4A59C01C97F27400A94190 /* Debug */ = {
			isa = XCBuildConfiguration;
			buildSettings = {
				ALWAYS_SEARCH_USER_PATHS = NO;
				CLANG_CXX_LANGUAGE_STANDARD = "gnu++0x";
				CLANG_CXX_LIBRARY = "libc++";
				CLANG_ENABLE_MODULES = YES;
				CLANG_ENABLE_OBJC_ARC = YES;
				CLANG_WARN_BOOL_CONVERSION = YES;
				CLANG_WARN_CONSTANT_CONVERSION = YES;
				CLANG_WARN_DIRECT_OBJC_ISA_USAGE = YES_ERROR;
				CLANG_WARN_EMPTY_BODY = YES;
				CLANG_WARN_ENUM_CONVERSION = YES;
				CLANG_WARN_INT_CONVERSION = YES;
				CLANG_WARN_OBJC_ROOT_CLASS = YES_ERROR;
				CLANG_WARN_UNREACHABLE_CODE = YES;
				CLANG_WARN__DUPLICATE_METHOD_MATCH = YES;
				"CODE_SIGN_IDENTITY[sdk=iphoneos*]" = "iPhone Developer";
				COPY_PHASE_STRIP = NO;
				DEBUG_INFORMATION_FORMAT = dwarf;
				ENABLE_STRICT_OBJC_MSGSEND = YES;
				ENABLE_TESTABILITY = YES;
				GCC_C_LANGUAGE_STANDARD = gnu99;
				GCC_DYNAMIC_NO_PIC = NO;
				GCC_NO_COMMON_BLOCKS = YES;
				GCC_OPTIMIZATION_LEVEL = 0;
				GCC_PREPROCESSOR_DEFINITIONS = (
					"DEBUG=1",
					"$(inherited)",
				);
				GCC_WARN_64_TO_32_BIT_CONVERSION = YES;
				GCC_WARN_ABOUT_RETURN_TYPE = YES_ERROR;
				GCC_WARN_UNDECLARED_SELECTOR = YES;
				GCC_WARN_UNINITIALIZED_AUTOS = YES_AGGRESSIVE;
				GCC_WARN_UNUSED_FUNCTION = YES;
				GCC_WARN_UNUSED_VARIABLE = YES;
				IPHONEOS_DEPLOYMENT_TARGET = 9.2;
				MTL_ENABLE_DEBUG_INFO = YES;
				ONLY_ACTIVE_ARCH = YES;
				SDKROOT = iphoneos;
				TARGETED_DEVICE_FAMILY = "1,2";
			};
			name = Debug;
		};
		1C4A59C11C97F27400A94190 /* Release */ = {
			isa = XCBuildConfiguration;
			buildSettings = {
				ALWAYS_SEARCH_USER_PATHS = NO;
				CLANG_CXX_LANGUAGE_STANDARD = "gnu++0x";
				CLANG_CXX_LIBRARY = "libc++";
				CLANG_ENABLE_MODULES = YES;
				CLANG_ENABLE_OBJC_ARC = YES;
				CLANG_WARN_BOOL_CONVERSION = YES;
				CLANG_WARN_CONSTANT_CONVERSION = YES;
				CLANG_WARN_DIRECT_OBJC_ISA_USAGE = YES_ERROR;
				CLANG_WARN_EMPTY_BODY = YES;
				CLANG_WARN_ENUM_CONVERSION = YES;
				CLANG_WARN_INT_CONVERSION = YES;
				CLANG_WARN_OBJC_ROOT_CLASS = YES_ERROR;
				CLANG_WARN_UNREACHABLE_CODE = YES;
				CLANG_WARN__DUPLICATE_METHOD_MATCH = YES;
				"CODE_SIGN_IDENTITY[sdk=iphoneos*]" = "iPhone Developer";
				COPY_PHASE_STRIP = NO;
				DEBUG_INFORMATION_FORMAT = "dwarf-with-dsym";
				ENABLE_NS_ASSERTIONS = NO;
				ENABLE_STRICT_OBJC_MSGSEND = YES;
				GCC_C_LANGUAGE_STANDARD = gnu99;
				GCC_NO_COMMON_BLOCKS = YES;
				GCC_WARN_64_TO_32_BIT_CONVERSION = YES;
				GCC_WARN_ABOUT_RETURN_TYPE = YES_ERROR;
				GCC_WARN_UNDECLARED_SELECTOR = YES;
				GCC_WARN_UNINITIALIZED_AUTOS = YES_AGGRESSIVE;
				GCC_WARN_UNUSED_FUNCTION = YES;
				GCC_WARN_UNUSED_VARIABLE = YES;
				IPHONEOS_DEPLOYMENT_TARGET = 9.2;
				MTL_ENABLE_DEBUG_INFO = NO;
				SDKROOT = iphoneos;
				TARGETED_DEVICE_FAMILY = "1,2";
				VALIDATE_PRODUCT = YES;
			};
			name = Release;
		};
		1C4A59C31C97F27400A94190 /* Debug */ = {
			isa = XCBuildConfiguration;
			buildSettings = {
				ASSETCATALOG_COMPILER_APPICON_NAME = AppIcon;
				INFOPLIST_FILE = 03_15_demo2/Info.plist;
				LD_RUNPATH_SEARCH_PATHS = "$(inherited) @executable_path/Frameworks";
				PRODUCT_BUNDLE_IDENTIFIER = "-3-15-demo2.-3-15-demo2";
				PRODUCT_NAME = "$(TARGET_NAME)";
			};
			name = Debug;
		};
		1C4A59C41C97F27400A94190 /* Release */ = {
			isa = XCBuildConfiguration;
			buildSettings = {
				ASSETCATALOG_COMPILER_APPICON_NAME = AppIcon;
				INFOPLIST_FILE = 03_15_demo2/Info.plist;
				LD_RUNPATH_SEARCH_PATHS = "$(inherited) @executable_path/Frameworks";
				PRODUCT_BUNDLE_IDENTIFIER = "-3-15-demo2.-3-15-demo2";
				PRODUCT_NAME = "$(TARGET_NAME)";
			};
			name = Release;
		};
		1C4A59C61C97F27400A94190 /* Debug */ = {
			isa = XCBuildConfiguration;
			buildSettings = {
				BUNDLE_LOADER = "$(TEST_HOST)";
				INFOPLIST_FILE = 03_15_demo2Tests/Info.plist;
				LD_RUNPATH_SEARCH_PATHS = "$(inherited) @executable_path/Frameworks @loader_path/Frameworks";
				PRODUCT_BUNDLE_IDENTIFIER = "-3-15-demo2.-3-15-demo2Tests";
				PRODUCT_NAME = "$(TARGET_NAME)";
				TEST_HOST = "$(BUILT_PRODUCTS_DIR)/03_15_demo2.app/03_15_demo2";
			};
			name = Debug;
		};
		1C4A59C71C97F27400A94190 /* Release */ = {
			isa = XCBuildConfiguration;
			buildSettings = {
				BUNDLE_LOADER = "$(TEST_HOST)";
				INFOPLIST_FILE = 03_15_demo2Tests/Info.plist;
				LD_RUNPATH_SEARCH_PATHS = "$(inherited) @executable_path/Frameworks @loader_path/Frameworks";
				PRODUCT_BUNDLE_IDENTIFIER = "-3-15-demo2.-3-15-demo2Tests";
				PRODUCT_NAME = "$(TARGET_NAME)";
				TEST_HOST = "$(BUILT_PRODUCTS_DIR)/03_15_demo2.app/03_15_demo2";
			};
			name = Release;
		};
		1C4A59C91C97F27400A94190 /* Debug */ = {
			isa = XCBuildConfiguration;
			buildSettings = {
				INFOPLIST_FILE = 03_15_demo2UITests/Info.plist;
				LD_RUNPATH_SEARCH_PATHS = "$(inherited) @executable_path/Frameworks @loader_path/Frameworks";
				PRODUCT_BUNDLE_IDENTIFIER = "-3-15-demo2.-3-15-demo2UITests";
				PRODUCT_NAME = "$(TARGET_NAME)";
				TEST_TARGET_NAME = 03_15_demo2;
				USES_XCTRUNNER = YES;
			};
			name = Debug;
		};
		1C4A59CA1C97F27400A94190 /* Release */ = {
			isa = XCBuildConfiguration;
			buildSettings = {
				INFOPLIST_FILE = 03_15_demo2UITests/Info.plist;
				LD_RUNPATH_SEARCH_PATHS = "$(inherited) @executable_path/Frameworks @loader_path/Frameworks";
				PRODUCT_BUNDLE_IDENTIFIER = "-3-15-demo2.-3-15-demo2UITests";
				PRODUCT_NAME = "$(TARGET_NAME)";
				TEST_TARGET_NAME = 03_15_demo2;
				USES_XCTRUNNER = YES;
			};
			name = Release;
		};
/* End XCBuildConfiguration section */

/* Begin XCConfigurationList section */
		1C4A59901C97F27400A94190 /* Build configuration list for PBXProject "03_15_demo2" */ = {
			isa = XCConfigurationList;
			buildConfigurations = (
				1C4A59C01C97F27400A94190 /* Debug */,
				1C4A59C11C97F27400A94190 /* Release */,
			);
			defaultConfigurationIsVisible = 0;
			defaultConfigurationName = Release;
		};
		1C4A59C21C97F27400A94190 /* Build configuration list for PBXNativeTarget "03_15_demo2" */ = {
			isa = XCConfigurationList;
			buildConfigurations = (
				1C4A59C31C97F27400A94190 /* Debug */,
				1C4A59C41C97F27400A94190 /* Release */,
			);
			defaultConfigurationIsVisible = 0;
		};
		1C4A59C51C97F27400A94190 /* Build configuration list for PBXNativeTarget "03_15_demo2Tests" */ = {
			isa = XCConfigurationList;
			buildConfigurations = (
				1C4A59C61C97F27400A94190 /* Debug */,
				1C4A59C71C97F27400A94190 /* Release */,
			);
			defaultConfigurationIsVisible = 0;
		};
		1C4A59C81C97F27400A94190 /* Build configuration list for PBXNativeTarget "03_15_demo2UITests" */ = {
			isa = XCConfigurationList;
			buildConfigurations = (
				1C4A59C91C97F27400A94190 /* Debug */,
				1C4A59CA1C97F27400A94190 /* Release */,
			);
			defaultConfigurationIsVisible = 0;
		};
/* End XCConfigurationList section */
	};
	rootObject = 1C4A598D1C97F27400A94190 /* Project object */;
}
